
Microsoft Visual Studio Solution File, Format Version 12.00
# Visual Studio Version 17
VisualStudioVersion = 17.12.35514.174
MinimumVisualStudioVersion = 10.0.40219.1
Project("{FAE04EC0-301F-11D3-BF4B-00C04F79EFBC}") = "Business", "Business\Business.csproj", "{561E47B0-ACAF-4629-A0F7-F6BF82FACB9F}"
EndProject
Project("{FAE04EC0-301F-11D3-BF4B-00C04F79EFBC}") = "Dtos", "Dtos\Dtos.csproj", "{EDBEBBB9-805A-4CF9-BC05-AC3F2D865E00}"
EndProject
Project("{FAE04EC0-301F-11D3-BF4B-00C04F79EFBC}") = "Domain", "Domain\Domain.csproj", "{0308548D-2478-41FE-95AC-959EC6BCA153}"
EndProject
Project("{FAE04EC0-301F-11D3-BF4B-00C04F79EFBC}") = "DataManagement", "DataManagement\DataManagement.csproj", "{2E13CD37-ED72-475F-A6B8-0F64E14EC5C7}"
EndProject
Project("{FAE04EC0-301F-11D3-BF4B-00C04F79EFBC}") = "Presentation.ConsoleApp", "Presentation.ConsoleApp\Presentation.ConsoleApp.csproj", "{FD349C95-3234-4404-8FB0-48993AD25CAF}"
EndProject
Project("{FAE04EC0-301F-11D3-BF4B-00C04F79EFBC}") = "Domain.Test", "Domain.Test\Domain.Test.csproj", "{E299BEF0-89CF-45CF-AA21-DA3A8729842A}"
EndProject
Project("{FAE04EC0-301F-11D3-BF4B-00C04F79EFBC}") = "Business.Test", "Business.Test\Business.Test.csproj", "{FEFC43BC-EE24-4E76-A9E3-07E5F968C1B9}"
EndProject
Project("{FAE04EC0-301F-11D3-BF4B-00C04F79EFBC}") = "DataManagement.Test", "DataManagement.Test\DataManagement.Test.csproj", "{974767C2-AA8F-46B2-B152-9E9F1ECDB1AD}"
EndProject
Project("{FAE04EC0-301F-11D3-BF4B-00C04F79EFBC}") = "Presentation.ConsoleApp.Test", "Presentation.ConsoleApp.Test\Presentation.ConsoleApp.Test.csproj", "{C9F6F8AA-144D-49AD-8453-4176834B6097}"
EndProject
Global
	GlobalSection(SolutionConfigurationPlatforms) = preSolution
		Debug|Any CPU = Debug|Any CPU
		Release|Any CPU = Release|Any CPU
	EndGlobalSection
	GlobalSection(ProjectConfigurationPlatforms) = postSolution
		{561E47B0-ACAF-4629-A0F7-F6BF82FACB9F}.Debug|Any CPU.ActiveCfg = Debug|Any CPU
		{561E47B0-ACAF-4629-A0F7-F6BF82FACB9F}.Debug|Any CPU.Build.0 = Debug|Any CPU
		{561E47B0-ACAF-4629-A0F7-F6BF82FACB9F}.Release|Any CPU.ActiveCfg = Release|Any CPU
		{561E47B0-ACAF-4629-A0F7-F6BF82FACB9F}.Release|Any CPU.Build.0 = Release|Any CPU
		{EDBEBBB9-805A-4CF9-BC05-AC3F2D865E00}.Debug|Any CPU.ActiveCfg = Debug|Any CPU
		{EDBEBBB9-805A-4CF9-BC05-AC3F2D865E00}.Debug|Any CPU.Build.0 = Debug|Any CPU
		{EDBEBBB9-805A-4CF9-BC05-AC3F2D865E00}.Release|Any CPU.ActiveCfg = Release|Any CPU
		{EDBEBBB9-805A-4CF9-BC05-AC3F2D865E00}.Release|Any CPU.Build.0 = Release|Any CPU
		{0308548D-2478-41FE-95AC-959EC6BCA153}.Debug|Any CPU.ActiveCfg = Debug|Any CPU
		{0308548D-2478-41FE-95AC-959EC6BCA153}.Debug|Any CPU.Build.0 = Debug|Any CPU
		{0308548D-2478-41FE-95AC-959EC6BCA153}.Release|Any CPU.ActiveCfg = Release|Any CPU
		{0308548D-2478-41FE-95AC-959EC6BCA153}.Release|Any CPU.Build.0 = Release|Any CPU
		{2E13CD37-ED72-475F-A6B8-0F64E14EC5C7}.Debug|Any CPU.ActiveCfg = Debug|Any CPU
		{2E13CD37-ED72-475F-A6B8-0F64E14EC5C7}.Debug|Any CPU.Build.0 = Debug|Any CPU
		{2E13CD37-ED72-475F-A6B8-0F64E14EC5C7}.Release|Any CPU.ActiveCfg = Release|Any CPU
		{2E13CD37-ED72-475F-A6B8-0F64E14EC5C7}.Release|Any CPU.Build.0 = Release|Any CPU
		{FD349C95-3234-4404-8FB0-48993AD25CAF}.Debug|Any CPU.ActiveCfg = Debug|Any CPU
		{FD349C95-3234-4404-8FB0-48993AD25CAF}.Debug|Any CPU.Build.0 = Debug|Any CPU
		{FD349C95-3234-4404-8FB0-48993AD25CAF}.Release|Any CPU.ActiveCfg = Release|Any CPU
		{FD349C95-3234-4404-8FB0-48993AD25CAF}.Release|Any CPU.Build.0 = Release|Any CPU
		{E299BEF0-89CF-45CF-AA21-DA3A8729842A}.Debug|Any CPU.ActiveCfg = Debug|Any CPU
		{E299BEF0-89CF-45CF-AA21-DA3A8729842A}.Debug|Any CPU.Build.0 = Debug|Any CPU
		{E299BEF0-89CF-45CF-AA21-DA3A8729842A}.Release|Any CPU.ActiveCfg = Release|Any CPU
		{E299BEF0-89CF-45CF-AA21-DA3A8729842A}.Release|Any CPU.Build.0 = Release|Any CPU
		{FEFC43BC-EE24-4E76-A9E3-07E5F968C1B9}.Debug|Any CPU.ActiveCfg = Debug|Any CPU
		{FEFC43BC-EE24-4E76-A9E3-07E5F968C1B9}.Debug|Any CPU.Build.0 = Debug|Any CPU
		{FEFC43BC-EE24-4E76-A9E3-07E5F968C1B9}.Release|Any CPU.ActiveCfg = Release|Any CPU
		{FEFC43BC-EE24-4E76-A9E3-07E5F968C1B9}.Release|Any CPU.Build.0 = Release|Any CPU
		{974767C2-AA8F-46B2-B152-9E9F1ECDB1AD}.Debug|Any CPU.ActiveCfg = Debug|Any CPU
		{974767C2-AA8F-46B2-B152-9E9F1ECDB1AD}.Debug|Any CPU.Build.0 = Debug|Any CPU
		{974767C2-AA8F-46B2-B152-9E9F1ECDB1AD}.Release|Any CPU.ActiveCfg = Release|Any CPU
		{974767C2-AA8F-46B2-B152-9E9F1ECDB1AD}.Release|Any CPU.Build.0 = Release|Any CPU
		{C9F6F8AA-144D-49AD-8453-4176834B6097}.Debug|Any CPU.ActiveCfg = Debug|Any CPU
		{C9F6F8AA-144D-49AD-8453-4176834B6097}.Debug|Any CPU.Build.0 = Debug|Any CPU
		{C9F6F8AA-144D-49AD-8453-4176834B6097}.Release|Any CPU.ActiveCfg = Release|Any CPU
		{C9F6F8AA-144D-49AD-8453-4176834B6097}.Release|Any CPU.Build.0 = Release|Any CPU
	EndGlobalSection
	GlobalSection(SolutionProperties) = preSolution
		HideSolutionNode = FALSE
	EndGlobalSection
EndGlobal
